
Microsoft Visual Studio Solution File, Format Version 12.00
# Visual Studio Version 17
VisualStudioVersion = 17.5.33414.496
MinimumVisualStudioVersion = 10.0.40219.1
Project("{8BC9CEB8-8B4A-11D0-8D11-00A0C91BC942}") = "lab2meth", "lab2meth\lab2meth.vcxproj", "{CAAB44C4-FD9A-4EF9-8DD3-0F05DDFD3EB7}"
EndProject
Global
	GlobalSection(SolutionConfigurationPlatforms) = preSolution
		Debug|x64 = Debug|x64
		Debug|x86 = Debug|x86
		Release|x64 = Release|x64
		Release|x86 = Release|x86
	EndGlobalSection
	GlobalSection(ProjectConfigurationPlatforms) = postSolution
		{CAAB44C4-FD9A-4EF9-8DD3-0F05DDFD3EB7}.Debug|x64.ActiveCfg = Debug|x64
		{CAAB44C4-FD9A-4EF9-8DD3-0F05DDFD3EB7}.Debug|x64.Build.0 = Debug|x64
		{CAAB44C4-FD9A-4EF9-8DD3-0F05DDFD3EB7}.Debug|x86.ActiveCfg = Debug|Win32
		{CAAB44C4-FD9A-4EF9-8DD3-0F05DDFD3EB7}.Debug|x86.Build.0 = Debug|Win32
		{CAAB44C4-FD9A-4EF9-8DD3-0F05DDFD3EB7}.Release|x64.ActiveCfg = Release|x64
		{CAAB44C4-FD9A-4EF9-8DD3-0F05DDFD3EB7}.Release|x64.Build.0 = Release|x64
		{CAAB44C4-FD9A-4EF9-8DD3-0F05DDFD3EB7}.Release|x86.ActiveCfg = Release|Win32
		{CAAB44C4-FD9A-4EF9-8DD3-0F05DDFD3EB7}.Release|x86.Build.0 = Release|Win32
	EndGlobalSection
	GlobalSection(SolutionProperties) = preSolution
		HideSolutionNode = FALSE
	EndGlobalSection
	GlobalSection(ExtensibilityGlobals) = postSolution
		SolutionGuid = {F15D7A28-8C34-4CA3-9AC9-4E5616FB0954}
	EndGlobalSection
EndGlobal
